// !$*UTF8*$!
{
	archiveVersion = 1;
	classes = {
	};
	objectVersion = 46;
	objects = {

/* Begin PBXBuildFile section */
		4541377E197A4A2000A20B50 /* AppDelegate.swift in Sources */ = {isa = PBXBuildFile; fileRef = 4541377D197A4A2000A20B50 /* AppDelegate.swift */; };
		45413780197A4A2000A20B50 /* ViewController.swift in Sources */ = {isa = PBXBuildFile; fileRef = 4541377F197A4A2000A20B50 /* ViewController.swift */; };
		45413783197A4A2000A20B50 /* Main.storyboard in Resources */ = {isa = PBXBuildFile; fileRef = 45413781197A4A2000A20B50 /* Main.storyboard */; };
		45413785197A4A2000A20B50 /* Images.xcassets in Resources */ = {isa = PBXBuildFile; fileRef = 45413784197A4A2000A20B50 /* Images.xcassets */; };
		45413791197A4A2000A20B50 /* SimpleWeatherTests.swift in Sources */ = {isa = PBXBuildFile; fileRef = 45413790197A4A2000A20B50 /* SimpleWeatherTests.swift */; };
/* End PBXBuildFile section */

/* Begin PBXContainerItemProxy section */
		4541378B197A4A2000A20B50 /* PBXContainerItemProxy */ = {
			isa = PBXContainerItemProxy;
			containerPortal = 45413770197A4A2000A20B50 /* Project object */;
			proxyType = 1;
			remoteGlobalIDString = 45413777197A4A2000A20B50;
			remoteInfo = SimpleWeather;
		};
/* End PBXContainerItemProxy section */

/* Begin PBXFileReference section */
		45413778197A4A2000A20B50 /* SimpleWeather.app */ = {isa = PBXFileReference; explicitFileType = wrapper.application; includeInIndex = 0; path = SimpleWeather.app; sourceTree = BUILT_PRODUCTS_DIR; };
		4541377C197A4A2000A20B50 /* Info.plist */ = {isa = PBXFileReference; lastKnownFileType = text.plist.xml; path = Info.plist; sourceTree = "<group>"; };
		4541377D197A4A2000A20B50 /* AppDelegate.swift */ = {isa = PBXFileReference; lastKnownFileType = sourcecode.swift; path = AppDelegate.swift; sourceTree = "<group>"; };
		4541377F197A4A2000A20B50 /* ViewController.swift */ = {isa = PBXFileReference; lastKnownFileType = sourcecode.swift; path = ViewController.swift; sourceTree = "<group>"; };
		45413782197A4A2000A20B50 /* Base */ = {isa = PBXFileReference; lastKnownFileType = file.storyboard; name = Base; path = Base.lproj/Main.storyboard; sourceTree = "<group>"; };
		45413784197A4A2000A20B50 /* Images.xcassets */ = {isa = PBXFileReference; lastKnownFileType = folder.assetcatalog; path = Images.xcassets; sourceTree = "<group>"; };
		4541378A197A4A2000A20B50 /* SimpleWeatherTests.xctest */ = {isa = PBXFileReference; explicitFileType = wrapper.cfbundle; includeInIndex = 0; path = SimpleWeatherTests.xctest; sourceTree = BUILT_PRODUCTS_DIR; };
		4541378F197A4A2000A20B50 /* Info.plist */ = {isa = PBXFileReference; lastKnownFileType = text.plist.xml; path = Info.plist; sourceTree = "<group>"; };
		45413790197A4A2000A20B50 /* SimpleWeatherTests.swift */ = {isa = PBXFileReference; lastKnownFileType = sourcecode.swift; path = SimpleWeatherTests.swift; sourceTree = "<group>"; };
		4541379A197A4D0600A20B50 /* WeatherPlayground.playground */ = {isa = PBXFileReference; lastKnownFileType = file.playground; path = WeatherPlayground.playground; sourceTree = "<group>"; };
/* End PBXFileReference section */

/* Begin PBXFrameworksBuildPhase section */
		45413775197A4A2000A20B50 /* Frameworks */ = {
			isa = PBXFrameworksBuildPhase;
			buildActionMask = 2147483647;
			files = (
			);
			runOnlyForDeploymentPostprocessing = 0;
		};
		45413787197A4A2000A20B50 /* Frameworks */ = {
			isa = PBXFrameworksBuildPhase;
			buildActionMask = 2147483647;
			files = (
			);
			runOnlyForDeploymentPostprocessing = 0;
		};
/* End PBXFrameworksBuildPhase section */

/* Begin PBXGroup section */
		4541376F197A4A2000A20B50 = {
			isa = PBXGroup;
			children = (
				4541377A197A4A2000A20B50 /* SimpleWeather */,
				4541378D197A4A2000A20B50 /* SimpleWeatherTests */,
				45413779197A4A2000A20B50 /* Products */,
			);
			sourceTree = "<group>";
		};
		45413779197A4A2000A20B50 /* Products */ = {
			isa = PBXGroup;
			children = (
				45413778197A4A2000A20B50 /* SimpleWeather.app */,
				4541378A197A4A2000A20B50 /* SimpleWeatherTests.xctest */,
			);
			name = Products;
			sourceTree = "<group>";
		};
		4541377A197A4A2000A20B50 /* SimpleWeather */ = {
			isa = PBXGroup;
			children = (
				4541377D197A4A2000A20B50 /* AppDelegate.swift */,
				4541377F197A4A2000A20B50 /* ViewController.swift */,
				45413781197A4A2000A20B50 /* Main.storyboard */,
				45413784197A4A2000A20B50 /* Images.xcassets */,
				4541377B197A4A2000A20B50 /* Supporting Files */,
				4541379A197A4D0600A20B50 /* WeatherPlayground.playground */,
			);
			path = SimpleWeather;
			sourceTree = "<group>";
		};
		4541377B197A4A2000A20B50 /* Supporting Files */ = {
			isa = PBXGroup;
			children = (
				4541377C197A4A2000A20B50 /* Info.plist */,
			);
			name = "Supporting Files";
			sourceTree = "<group>";
		};
		4541378D197A4A2000A20B50 /* SimpleWeatherTests */ = {
			isa = PBXGroup;
			children = (
				45413790197A4A2000A20B50 /* SimpleWeatherTests.swift */,
				4541378E197A4A2000A20B50 /* Supporting Files */,
			);
			path = SimpleWeatherTests;
			sourceTree = "<group>";
		};
		4541378E197A4A2000A20B50 /* Supporting Files */ = {
			isa = PBXGroup;
			children = (
				4541378F197A4A2000A20B50 /* Info.plist */,
			);
			name = "Supporting Files";
			sourceTree = "<group>";
		};
/* End PBXGroup section */

/* Begin PBXNativeTarget section */
		45413777197A4A2000A20B50 /* SimpleWeather */ = {
			isa = PBXNativeTarget;
			buildConfigurationList = 45413794197A4A2000A20B50 /* Build configuration list for PBXNativeTarget "SimpleWeather" */;
			buildPhases = (
				45413774197A4A2000A20B50 /* Sources */,
				45413775197A4A2000A20B50 /* Frameworks */,
				45413776197A4A2000A20B50 /* Resources */,
			);
			buildRules = (
			);
			dependencies = (
			);
			name = SimpleWeather;
			productName = SimpleWeather;
			productReference = 45413778197A4A2000A20B50 /* SimpleWeather.app */;
			productType = "com.apple.product-type.application";
		};
		45413789197A4A2000A20B50 /* SimpleWeatherTests */ = {
			isa = PBXNativeTarget;
			buildConfigurationList = 45413797197A4A2000A20B50 /* Build configuration list for PBXNativeTarget "SimpleWeatherTests" */;
			buildPhases = (
				45413786197A4A2000A20B50 /* Sources */,
				45413787197A4A2000A20B50 /* Frameworks */,
				45413788197A4A2000A20B50 /* Resources */,
			);
			buildRules = (
			);
			dependencies = (
				4541378C197A4A2000A20B50 /* PBXTargetDependency */,
			);
			name = SimpleWeatherTests;
			productName = SimpleWeatherTests;
			productReference = 4541378A197A4A2000A20B50 /* SimpleWeatherTests.xctest */;
			productType = "com.apple.product-type.bundle.unit-test";
		};
/* End PBXNativeTarget section */

/* Begin PBXProject section */
		45413770197A4A2000A20B50 /* Project object */ = {
			isa = PBXProject;
			attributes = {
				LastUpgradeCheck = 0600;
				ORGANIZATIONNAME = beiyi.zhang;
				TargetAttributes = {
					45413777197A4A2000A20B50 = {
						CreatedOnToolsVersion = 6.0;
					};
					45413789197A4A2000A20B50 = {
						CreatedOnToolsVersion = 6.0;
						TestTargetID = 45413777197A4A2000A20B50;
					};
				};
			};
			buildConfigurationList = 45413773197A4A2000A20B50 /* Build configuration list for PBXProject "SimpleWeather" */;
			compatibilityVersion = "Xcode 3.2";
			developmentRegion = English;
			hasScannedForEncodings = 0;
			knownRegions = (
				en,
				Base,
			);
			mainGroup = 4541376F197A4A2000A20B50;
			productRefGroup = 45413779197A4A2000A20B50 /* Products */;
			projectDirPath = "";
			projectRoot = "";
			targets = (
				45413777197A4A2000A20B50 /* SimpleWeather */,
				45413789197A4A2000A20B50 /* SimpleWeatherTests */,
			);
		};
/* End PBXProject section */

/* Begin PBXResourcesBuildPhase section */
		45413776197A4A2000A20B50 /* Resources */ = {
			isa = PBXResourcesBuildPhase;
			buildActionMask = 2147483647;
			files = (
				45413783197A4A2000A20B50 /* Main.storyboard in Resources */,
				45413785197A4A2000A20B50 /* Images.xcassets in Resources */,
			);
			runOnlyForDeploymentPostprocessing = 0;
		};
		45413788197A4A2000A20B50 /* Resources */ = {
			isa = PBXResourcesBuildPhase;
			buildActionMask = 2147483647;
			files = (
			);
			runOnlyForDeploymentPostprocessing = 0;
		};
/* End PBXResourcesBuildPhase section */

/* Begin PBXSourcesBuildPhase section */
		45413774197A4A2000A20B50 /* Sources */ = {
			isa = PBXSourcesBuildPhase;
			buildActionMask = 2147483647;
			files = (
				45413780197A4A2000A20B50 /* ViewController.swift in Sources */,
				4541377E197A4A2000A20B50 /* AppDelegate.swift in Sources */,
			);
			runOnlyForDeploymentPostprocessing = 0;
		};
		45413786197A4A2000A20B50 /* Sources */ = {
			isa = PBXSourcesBuildPhase;
			buildActionMask = 2147483647;
			files = (
				45413791197A4A2000A20B50 /* SimpleWeatherTests.swift in Sources */,
			);
			runOnlyForDeploymentPostprocessing = 0;
		};
/* End PBXSourcesBuildPhase section */

/* Begin PBXTargetDependency section */
		4541378C197A4A2000A20B50 /* PBXTargetDependency */ = {
			isa = PBXTargetDependency;
			target = 45413777197A4A2000A20B50 /* SimpleWeather */;
			targetProxy = 4541378B197A4A2000A20B50 /* PBXContainerItemProxy */;
		};
/* End PBXTargetDependency section */

/* Begin PBXVariantGroup section */
		45413781197A4A2000A20B50 /* Main.storyboard */ = {
			isa = PBXVariantGroup;
			children = (
				45413782197A4A2000A20B50 /* Base */,
			);
			name = Main.storyboard;
			sourceTree = "<group>";
		};
/* End PBXVariantGroup section */

/* Begin XCBuildConfiguration section */
		45413792197A4A2000A20B50 /* Debug */ = {
			isa = XCBuildConfiguration;
			buildSettings = {
				ALWAYS_SEARCH_USER_PATHS = NO;
				CLANG_CXX_LANGUAGE_STANDARD = "gnu++0x";
				CLANG_CXX_LIBRARY = "libc++";
				CLANG_ENABLE_MODULES = YES;
				CLANG_ENABLE_OBJC_ARC = YES;
				CLANG_WARN_BOOL_CONVERSION = YES;
				CLANG_WARN_CONSTANT_CONVERSION = YES;
				CLANG_WARN_DIRECT_OBJC_ISA_USAGE = YES_ERROR;
				CLANG_WARN_EMPTY_BODY = YES;
				CLANG_WARN_ENUM_CONVERSION = YES;
				CLANG_WARN_INT_CONVERSION = YES;
				CLANG_WARN_OBJC_ROOT_CLASS = YES_ERROR;
				CLANG_WARN_UNREACHABLE_CODE = YES;
				CLANG_WARN__DUPLICATE_METHOD_MATCH = YES;
				"CODE_SIGN_IDENTITY[sdk=iphoneos*]" = "iPhone Developer";
				COPY_PHASE_STRIP = NO;
				ENABLE_STRICT_OBJC_MSGSEND = YES;
				GCC_C_LANGUAGE_STANDARD = gnu99;
				GCC_DYNAMIC_NO_PIC = NO;
				GCC_OPTIMIZATION_LEVEL = 0;
				GCC_PREPROCESSOR_DEFINITIONS = (
					"DEBUG=1",
					"$(inherited)",
				);
				GCC_SYMBOLS_PRIVATE_EXTERN = NO;
				GCC_WARN_64_TO_32_BIT_CONVERSION = YES;
				GCC_WARN_ABOUT_RETURN_TYPE = YES_ERROR;
				GCC_WARN_UNDECLARED_SELECTOR = YES;
				GCC_WARN_UNINITIALIZED_AUTOS = YES_AGGRESSIVE;
				GCC_WARN_UNUSED_FUNCTION = YES;
				GCC_WARN_UNUSED_VARIABLE = YES;
				IPHONEOS_DEPLOYMENT_TARGET = 8.0;
				MTL_ENABLE_DEBUG_INFO = YES;
				ONLY_ACTIVE_ARCH = YES;
				SDKROOT = iphoneos;
				SWIFT_OPTIMIZATION_LEVEL = "-Onone";
			};
			name = Debug;
		};
		45413793197A4A2000A20B50 /* Release */ = {
			isa = XCBuildConfiguration;
			buildSettings = {
				ALWAYS_SEARCH_USER_PATHS = NO;
				CLANG_CXX_LANGUAGE_STANDARD = "gnu++0x";
				CLANG_CXX_LIBRARY = "libc++";
				CLANG_ENABLE_MODULES = YES;
				CLANG_ENABLE_OBJC_ARC = YES;
				CLANG_WARN_BOOL_CONVERSION = YES;
				CLANG_WARN_CONSTANT_CONVERSION = YES;
				CLANG_WARN_DIRECT_OBJC_ISA_USAGE = YES_ERROR;
				CLANG_WARN_EMPTY_BODY = YES;
				CLANG_WARN_ENUM_CONVERSION = YES;
				CLANG_WARN_INT_CONVERSION = YES;
				CLANG_WARN_OBJC_ROOT_CLASS = YES_ERROR;
				CLANG_WARN_UNREACHABLE_CODE = YES;
				CLANG_WARN__DUPLICATE_METHOD_MATCH = YES;
				"CODE_SIGN_IDENTITY[sdk=iphoneos*]" = "iPhone Developer";
				COPY_PHASE_STRIP = YES;
				ENABLE_NS_ASSERTIONS = NO;
				ENABLE_STRICT_OBJC_MSGSEND = YES;
				GCC_C_LANGUAGE_STANDARD = gnu99;
				GCC_WARN_64_TO_32_BIT_CONVERSION = YES;
				GCC_WARN_ABOUT_RETURN_TYPE = YES_ERROR;
				GCC_WARN_UNDECLARED_SELECTOR = YES;
				GCC_WARN_UNINITIALIZED_AUTOS = YES_AGGRESSIVE;
				GCC_WARN_UNUSED_FUNCTION = YES;
				GCC_WARN_UNUSED_VARIABLE = YES;
				IPHONEOS_DEPLOYMENT_TARGET = 8.0;
				MTL_ENABLE_DEBUG_INFO = NO;
				SDKROOT = iphoneos;
				VALIDATE_PRODUCT = YES;
			};
			name = Release;
		};
		45413795197A4A2000A20B50 /* Debug */ = {
			isa = XCBuildConfiguration;
			buildSettings = {
				ASSETCATALOG_COMPILER_APPICON_NAME = AppIcon;
				ASSETCATALOG_COMPILER_LAUNCHIMAGE_NAME = LaunchImage;
				INFOPLIST_FILE = SimpleWeather/Info.plist;
				LD_RUNPATH_SEARCH_PATHS = "$(inherited) @executable_path/Frameworks";
				PRODUCT_NAME = "$(TARGET_NAME)";
			};
			name = Debug;
		};
		45413796197A4A2000A20B50 /* Release */ = {
			isa = XCBuildConfiguration;
			buildSettings = {
				ASSETCATALOG_COMPILER_APPICON_NAME = AppIcon;
				ASSETCATALOG_COMPILER_LAUNCHIMAGE_NAME = LaunchImage;
				INFOPLIST_FILE = SimpleWeather/Info.plist;
				LD_RUNPATH_SEARCH_PATHS = "$(inherited) @executable_path/Frameworks";
				PRODUCT_NAME = "$(TARGET_NAME)";
			};
			name = Release;
		};
		45413798197A4A2000A20B50 /* Debug */ = {
			isa = XCBuildConfiguration;
			buildSettings = {
				BUNDLE_LOADER = "$(BUILT_PRODUCTS_DIR)/SimpleWeather.app/SimpleWeather";
				FRAMEWORK_SEARCH_PATHS = (
					"$(SDKROOT)/Developer/Library/Frameworks",
					"$(inherited)",
				);
				GCC_PREPROCESSOR_DEFINITIONS = (
					"DEBUG=1",
					"$(inherited)",
				);
				INFOPLIST_FILE = SimpleWeatherTests/Info.plist;
				LD_RUNPATH_SEARCH_PATHS = "$(inherited) @executable_path/Frameworks @loader_path/Frameworks";
				PRODUCT_NAME = "$(TARGET_NAME)";
				TEST_HOST = "$(BUNDLE_LOADER)";
			};
			name = Debug;
		};
		45413799197A4A2000A20B50 /* Release */ = {
			isa = XCBuildConfiguration;
			buildSettings = {
				BUNDLE_LOADER = "$(BUILT_PRODUCTS_DIR)/SimpleWeather.app/SimpleWeather";
				FRAMEWORK_SEARCH_PATHS = (
					"$(SDKROOT)/Developer/Library/Frameworks",
					"$(inherited)",
				);
				INFOPLIST_FILE = SimpleWeatherTests/Info.plist;
				LD_RUNPATH_SEARCH_PATHS = "$(inherited) @executable_path/Frameworks @loader_path/Frameworks";
				PRODUCT_NAME = "$(TARGET_NAME)";
				TEST_HOST = "$(BUNDLE_LOADER)";
			};
			name = Release;
		};
/* End XCBuildConfiguration section */

/* Begin XCConfigurationList section */
		45413773197A4A2000A20B50 /* Build configuration list for PBXProject "SimpleWeather" */ = {
			isa = XCConfigurationList;
			buildConfigurations = (
				45413792197A4A2000A20B50 /* Debug */,
				45413793197A4A2000A20B50 /* Release */,
			);
			defaultConfigurationIsVisible = 0;
			defaultConfigurationName = Release;
		};
		45413794197A4A2000A20B50 /* Build configuration list for PBXNativeTarget "SimpleWeather" */ = {
			isa = XCConfigurationList;
			buildConfigurations = (
				45413795197A4A2000A20B50 /* Debug */,
				45413796197A4A2000A20B50 /* Release */,
			);
			defaultConfigurationIsVisible = 0;
		};
		45413797197A4A2000A20B50 /* Build configuration list for PBXNativeTarget "SimpleWeatherTests" */ = {
			isa = XCConfigurationList;
			buildConfigurations = (
				45413798197A4A2000A20B50 /* Debug */,
				45413799197A4A2000A20B50 /* Release */,
			);
			defaultConfigurationIsVisible = 0;
		};
/* End XCConfigurationList section */
	};
	rootObject = 45413770197A4A2000A20B50 /* Project object */;
}
